// !$*UTF8*$!
{
	archiveVersion = 1;
	classes = {
	};
	objectVersion = 46;
	objects = {

/* Begin PBXBuildFile section */
		C5B90F741E391783000842CB /* IWDetailViewController.m in Sources */ = {isa = PBXBuildFile; fileRef = C5B90F731E391783000842CB /* IWDetailViewController.m */; };
		C5C2E58E1E38F8C200DFFB39 /* main.m in Sources */ = {isa = PBXBuildFile; fileRef = C5C2E58D1E38F8C200DFFB39 /* main.m */; };
		C5C2E5911E38F8C200DFFB39 /* AppDelegate.m in Sources */ = {isa = PBXBuildFile; fileRef = C5C2E5901E38F8C200DFFB39 /* AppDelegate.m */; };
		C5C2E5941E38F8C200DFFB39 /* ViewController.m in Sources */ = {isa = PBXBuildFile; fileRef = C5C2E5931E38F8C200DFFB39 /* ViewController.m */; };
		C5C2E5971E38F8C200DFFB39 /* Main.storyboard in Resources */ = {isa = PBXBuildFile; fileRef = C5C2E5951E38F8C200DFFB39 /* Main.storyboard */; };
		C5C2E5991E38F8C200DFFB39 /* Assets.xcassets in Resources */ = {isa = PBXBuildFile; fileRef = C5C2E5981E38F8C200DFFB39 /* Assets.xcassets */; };
		C5C2E59C1E38F8C200DFFB39 /* LaunchScreen.storyboard in Resources */ = {isa = PBXBuildFile; fileRef = C5C2E59A1E38F8C200DFFB39 /* LaunchScreen.storyboard */; };
		C5C2E5A71E38F8C200DFFB39 /* SampleCodeTests.m in Sources */ = {isa = PBXBuildFile; fileRef = C5C2E5A61E38F8C200DFFB39 /* SampleCodeTests.m */; };
		C5C2E5B21E38F8C200DFFB39 /* SampleCodeUITests.m in Sources */ = {isa = PBXBuildFile; fileRef = C5C2E5B11E38F8C200DFFB39 /* SampleCodeUITests.m */; };
		C5C2E5C61E38FE0C00DFFB39 /* IWBaseViewController.m in Sources */ = {isa = PBXBuildFile; fileRef = C5C2E5C51E38FE0C00DFFB39 /* IWBaseViewController.m */; };
		C5C2E5C91E38FE2200DFFB39 /* IWLoginViewController.m in Sources */ = {isa = PBXBuildFile; fileRef = C5C2E5C81E38FE2200DFFB39 /* IWLoginViewController.m */; };
		C5C2E5CE1E39022B00DFFB39 /* IWMainViewController.m in Sources */ = {isa = PBXBuildFile; fileRef = C5C2E5CD1E39022B00DFFB39 /* IWMainViewController.m */; };
		C5C2E5D21E39037500DFFB39 /* IWMainTableViewCell.m in Sources */ = {isa = PBXBuildFile; fileRef = C5C2E5D11E39037500DFFB39 /* IWMainTableViewCell.m */; };
		C5C2E5D61E3903FB00DFFB39 /* IWPropertyModel.m in Sources */ = {isa = PBXBuildFile; fileRef = C5C2E5D51E3903FB00DFFB39 /* IWPropertyModel.m */; };
		C5C2E5DA1E39086E00DFFB39 /* IWBaseRequest.m in Sources */ = {isa = PBXBuildFile; fileRef = C5C2E5D91E39086E00DFFB39 /* IWBaseRequest.m */; };
		E91EA276B8E96B240E5FC1A5 /* libPods-SampleCode.a in Frameworks */ = {isa = PBXBuildFile; fileRef = 8D509C8D74E381025FCDFE29 /* libPods-SampleCode.a */; };
/* End PBXBuildFile section */

/* Begin PBXContainerItemProxy section */
		C5C2E5A31E38F8C200DFFB39 /* PBXContainerItemProxy */ = {
			isa = PBXContainerItemProxy;
			containerPortal = C5C2E5811E38F8C200DFFB39 /* Project object */;
			proxyType = 1;
			remoteGlobalIDString = C5C2E5881E38F8C200DFFB39;
			remoteInfo = SampleCode;
		};
		C5C2E5AE1E38F8C200DFFB39 /* PBXContainerItemProxy */ = {
			isa = PBXContainerItemProxy;
			containerPortal = C5C2E5811E38F8C200DFFB39 /* Project object */;
			proxyType = 1;
			remoteGlobalIDString = C5C2E5881E38F8C200DFFB39;
			remoteInfo = SampleCode;
		};
/* End PBXContainerItemProxy section */

/* Begin PBXFileReference section */
		1A771A76B8C4A97FFE9D8970 /* Pods-SampleCode.release.xcconfig */ = {isa = PBXFileReference; includeInIndex = 1; lastKnownFileType = text.xcconfig; name = "Pods-SampleCode.release.xcconfig"; path = "Pods/Target Support Files/Pods-SampleCode/Pods-SampleCode.release.xcconfig"; sourceTree = "<group>"; };
		8D509C8D74E381025FCDFE29 /* libPods-SampleCode.a */ = {isa = PBXFileReference; explicitFileType = archive.ar; includeInIndex = 0; path = "libPods-SampleCode.a"; sourceTree = BUILT_PRODUCTS_DIR; };
		C5B90F721E391783000842CB /* IWDetailViewController.h */ = {isa = PBXFileReference; fileEncoding = 4; lastKnownFileType = sourcecode.c.h; path = IWDetailViewController.h; sourceTree = "<group>"; };
		C5B90F731E391783000842CB /* IWDetailViewController.m */ = {isa = PBXFileReference; fileEncoding = 4; lastKnownFileType = sourcecode.c.objc; path = IWDetailViewController.m; sourceTree = "<group>"; };
		C5C2E5891E38F8C200DFFB39 /* SampleCode.app */ = {isa = PBXFileReference; explicitFileType = wrapper.application; includeInIndex = 0; path = SampleCode.app; sourceTree = BUILT_PRODUCTS_DIR; };
		C5C2E58D1E38F8C200DFFB39 /* main.m */ = {isa = PBXFileReference; lastKnownFileType = sourcecode.c.objc; path = main.m; sourceTree = "<group>"; };
		C5C2E58F1E38F8C200DFFB39 /* AppDelegate.h */ = {isa = PBXFileReference; lastKnownFileType = sourcecode.c.h; path = AppDelegate.h; sourceTree = "<group>"; };
		C5C2E5901E38F8C200DFFB39 /* AppDelegate.m */ = {isa = PBXFileReference; lastKnownFileType = sourcecode.c.objc; path = AppDelegate.m; sourceTree = "<group>"; };
		C5C2E5921E38F8C200DFFB39 /* ViewController.h */ = {isa = PBXFileReference; lastKnownFileType = sourcecode.c.h; path = ViewController.h; sourceTree = "<group>"; };
		C5C2E5931E38F8C200DFFB39 /* ViewController.m */ = {isa = PBXFileReference; lastKnownFileType = sourcecode.c.objc; path = ViewController.m; sourceTree = "<group>"; };
		C5C2E5961E38F8C200DFFB39 /* Base */ = {isa = PBXFileReference; lastKnownFileType = file.storyboard; name = Base; path = Base.lproj/Main.storyboard; sourceTree = "<group>"; };
		C5C2E5981E38F8C200DFFB39 /* Assets.xcassets */ = {isa = PBXFileReference; lastKnownFileType = folder.assetcatalog; path = Assets.xcassets; sourceTree = "<group>"; };
		C5C2E59B1E38F8C200DFFB39 /* Base */ = {isa = PBXFileReference; lastKnownFileType = file.storyboard; name = Base; path = Base.lproj/LaunchScreen.storyboard; sourceTree = "<group>"; };
		C5C2E59D1E38F8C200DFFB39 /* Info.plist */ = {isa = PBXFileReference; lastKnownFileType = text.plist.xml; path = Info.plist; sourceTree = "<group>"; };
		C5C2E5A21E38F8C200DFFB39 /* SampleCodeTests.xctest */ = {isa = PBXFileReference; explicitFileType = wrapper.cfbundle; includeInIndex = 0; path = SampleCodeTests.xctest; sourceTree = BUILT_PRODUCTS_DIR; };
		C5C2E5A61E38F8C200DFFB39 /* SampleCodeTests.m */ = {isa = PBXFileReference; lastKnownFileType = sourcecode.c.objc; path = SampleCodeTests.m; sourceTree = "<group>"; };
		C5C2E5A81E38F8C200DFFB39 /* Info.plist */ = {isa = PBXFileReference; lastKnownFileType = text.plist.xml; path = Info.plist; sourceTree = "<group>"; };
		C5C2E5AD1E38F8C200DFFB39 /* SampleCodeUITests.xctest */ = {isa = PBXFileReference; explicitFileType = wrapper.cfbundle; includeInIndex = 0; path = SampleCodeUITests.xctest; sourceTree = BUILT_PRODUCTS_DIR; };
		C5C2E5B11E38F8C200DFFB39 /* SampleCodeUITests.m */ = {isa = PBXFileReference; lastKnownFileType = sourcecode.c.objc; path = SampleCodeUITests.m; sourceTree = "<group>"; };
		C5C2E5B31E38F8C200DFFB39 /* Info.plist */ = {isa = PBXFileReference; lastKnownFileType = text.plist.xml; path = Info.plist; sourceTree = "<group>"; };
		C5C2E5C41E38FE0C00DFFB39 /* IWBaseViewController.h */ = {isa = PBXFileReference; fileEncoding = 4; lastKnownFileType = sourcecode.c.h; path = IWBaseViewController.h; sourceTree = "<group>"; };
		C5C2E5C51E38FE0C00DFFB39 /* IWBaseViewController.m */ = {isa = PBXFileReference; fileEncoding = 4; lastKnownFileType = sourcecode.c.objc; path = IWBaseViewController.m; sourceTree = "<group>"; };
		C5C2E5C71E38FE2200DFFB39 /* IWLoginViewController.h */ = {isa = PBXFileReference; fileEncoding = 4; lastKnownFileType = sourcecode.c.h; path = IWLoginViewController.h; sourceTree = "<group>"; };
		C5C2E5C81E38FE2200DFFB39 /* IWLoginViewController.m */ = {isa = PBXFileReference; fileEncoding = 4; lastKnownFileType = sourcecode.c.objc; path = IWLoginViewController.m; sourceTree = "<group>"; };
		C5C2E5CC1E39022B00DFFB39 /* IWMainViewController.h */ = {isa = PBXFileReference; fileEncoding = 4; lastKnownFileType = sourcecode.c.h; path = IWMainViewController.h; sourceTree = "<group>"; };
		C5C2E5CD1E39022B00DFFB39 /* IWMainViewController.m */ = {isa = PBXFileReference; fileEncoding = 4; lastKnownFileType = sourcecode.c.objc; path = IWMainViewController.m; sourceTree = "<group>"; };
		C5C2E5D01E39037500DFFB39 /* IWMainTableViewCell.h */ = {isa = PBXFileReference; fileEncoding = 4; lastKnownFileType = sourcecode.c.h; path = IWMainTableViewCell.h; sourceTree = "<group>"; };
		C5C2E5D11E39037500DFFB39 /* IWMainTableViewCell.m */ = {isa = PBXFileReference; fileEncoding = 4; lastKnownFileType = sourcecode.c.objc; path = IWMainTableViewCell.m; sourceTree = "<group>"; };
		C5C2E5D41E3903FB00DFFB39 /* IWPropertyModel.h */ = {isa = PBXFileReference; fileEncoding = 4; lastKnownFileType = sourcecode.c.h; path = IWPropertyModel.h; sourceTree = "<group>"; };
		C5C2E5D51E3903FB00DFFB39 /* IWPropertyModel.m */ = {isa = PBXFileReference; fileEncoding = 4; lastKnownFileType = sourcecode.c.objc; path = IWPropertyModel.m; sourceTree = "<group>"; };
		C5C2E5D81E39086E00DFFB39 /* IWBaseRequest.h */ = {isa = PBXFileReference; fileEncoding = 4; lastKnownFileType = sourcecode.c.h; path = IWBaseRequest.h; sourceTree = "<group>"; };
		C5C2E5D91E39086E00DFFB39 /* IWBaseRequest.m */ = {isa = PBXFileReference; fileEncoding = 4; lastKnownFileType = sourcecode.c.objc; path = IWBaseRequest.m; sourceTree = "<group>"; };
		E19B3F936C06529485794B86 /* Pods-SampleCode.debug.xcconfig */ = {isa = PBXFileReference; includeInIndex = 1; lastKnownFileType = text.xcconfig; name = "Pods-SampleCode.debug.xcconfig"; path = "Pods/Target Support Files/Pods-SampleCode/Pods-SampleCode.debug.xcconfig"; sourceTree = "<group>"; };
/* End PBXFileReference section */

/* Begin PBXFrameworksBuildPhase section */
		C5C2E5861E38F8C200DFFB39 /* Frameworks */ = {
			isa = PBXFrameworksBuildPhase;
			buildActionMask = 2147483647;
			files = (
				E91EA276B8E96B240E5FC1A5 /* libPods-SampleCode.a in Frameworks */,
			);
			runOnlyForDeploymentPostprocessing = 0;
		};
		C5C2E59F1E38F8C200DFFB39 /* Frameworks */ = {
			isa = PBXFrameworksBuildPhase;
			buildActionMask = 2147483647;
			files = (
			);
			runOnlyForDeploymentPostprocessing = 0;
		};
		C5C2E5AA1E38F8C200DFFB39 /* Frameworks */ = {
			isa = PBXFrameworksBuildPhase;
			buildActionMask = 2147483647;
			files = (
			);
			runOnlyForDeploymentPostprocessing = 0;
		};
/* End PBXFrameworksBuildPhase section */

/* Begin PBXGroup section */
		076DCDA5915634D0BE952E18 /* Frameworks */ = {
			isa = PBXGroup;
			children = (
				8D509C8D74E381025FCDFE29 /* libPods-SampleCode.a */,
			);
			name = Frameworks;
			sourceTree = "<group>";
		};
		8C08451768E409950D890F77 /* Pods */ = {
			isa = PBXGroup;
			children = (
				E19B3F936C06529485794B86 /* Pods-SampleCode.debug.xcconfig */,
				1A771A76B8C4A97FFE9D8970 /* Pods-SampleCode.release.xcconfig */,
			);
			name = Pods;
			sourceTree = "<group>";
		};
		C5C2E5801E38F8C200DFFB39 = {
			isa = PBXGroup;
			children = (
				C5C2E58B1E38F8C200DFFB39 /* SampleCode */,
				C5C2E5A51E38F8C200DFFB39 /* SampleCodeTests */,
				C5C2E5B01E38F8C200DFFB39 /* SampleCodeUITests */,
				C5C2E58A1E38F8C200DFFB39 /* Products */,
				8C08451768E409950D890F77 /* Pods */,
				076DCDA5915634D0BE952E18 /* Frameworks */,
			);
			sourceTree = "<group>";
		};
		C5C2E58A1E38F8C200DFFB39 /* Products */ = {
			isa = PBXGroup;
			children = (
				C5C2E5891E38F8C200DFFB39 /* SampleCode.app */,
				C5C2E5A21E38F8C200DFFB39 /* SampleCodeTests.xctest */,
				C5C2E5AD1E38F8C200DFFB39 /* SampleCodeUITests.xctest */,
			);
			name = Products;
			sourceTree = "<group>";
		};
		C5C2E58B1E38F8C200DFFB39 /* SampleCode */ = {
			isa = PBXGroup;
			children = (
				C5C2E5BF1E38FDEA00DFFB39 /* SourceCode */,
				C5C2E58F1E38F8C200DFFB39 /* AppDelegate.h */,
				C5C2E5901E38F8C200DFFB39 /* AppDelegate.m */,
				C5C2E5921E38F8C200DFFB39 /* ViewController.h */,
				C5C2E5931E38F8C200DFFB39 /* ViewController.m */,
				C5C2E5951E38F8C200DFFB39 /* Main.storyboard */,
				C5C2E5981E38F8C200DFFB39 /* Assets.xcassets */,
				C5C2E59A1E38F8C200DFFB39 /* LaunchScreen.storyboard */,
				C5C2E59D1E38F8C200DFFB39 /* Info.plist */,
				C5C2E58C1E38F8C200DFFB39 /* Supporting Files */,
			);
			path = SampleCode;
			sourceTree = "<group>";
		};
		C5C2E58C1E38F8C200DFFB39 /* Supporting Files */ = {
			isa = PBXGroup;
			children = (
				C5C2E58D1E38F8C200DFFB39 /* main.m */,
			);
			name = "Supporting Files";
			sourceTree = "<group>";
		};
		C5C2E5A51E38F8C200DFFB39 /* SampleCodeTests */ = {
			isa = PBXGroup;
			children = (
				C5C2E5A61E38F8C200DFFB39 /* SampleCodeTests.m */,
				C5C2E5A81E38F8C200DFFB39 /* Info.plist */,
			);
			path = SampleCodeTests;
			sourceTree = "<group>";
		};
		C5C2E5B01E38F8C200DFFB39 /* SampleCodeUITests */ = {
			isa = PBXGroup;
			children = (
				C5C2E5B11E38F8C200DFFB39 /* SampleCodeUITests.m */,
				C5C2E5B31E38F8C200DFFB39 /* Info.plist */,
			);
			path = SampleCodeUITests;
			sourceTree = "<group>";
		};
		C5C2E5BF1E38FDEA00DFFB39 /* SourceCode */ = {
			isa = PBXGroup;
			children = (
				C5C2E5D71E39086000DFFB39 /* Server */,
				C5C2E5D31E3903BB00DFFB39 /* Model */,
				C5C2E5C01E38FDEA00DFFB39 /* BaseClasses */,
				C5C2E5C21E38FDEA00DFFB39 /* ViewController */,
			);
			path = SourceCode;
			sourceTree = "<group>";
		};
		C5C2E5C01E38FDEA00DFFB39 /* BaseClasses */ = {
			isa = PBXGroup;
			children = (
				C5C2E5C11E38FDEA00DFFB39 /* ViewController */,
			);
			path = BaseClasses;
			sourceTree = "<group>";
		};
		C5C2E5C11E38FDEA00DFFB39 /* ViewController */ = {
			isa = PBXGroup;
			children = (
				C5C2E5C41E38FE0C00DFFB39 /* IWBaseViewController.h */,
				C5C2E5C51E38FE0C00DFFB39 /* IWBaseViewController.m */,
			);
			path = ViewController;
			sourceTree = "<group>";
		};
		C5C2E5C21E38FDEA00DFFB39 /* ViewController */ = {
			isa = PBXGroup;
			children = (
				C5C2E5CA1E39021F00DFFB39 /* Detail */,
				C5C2E5CB1E39021F00DFFB39 /* Main */,
				C5C2E5C31E38FDEA00DFFB39 /* Login */,
			);
			path = ViewController;
			sourceTree = "<group>";
		};
		C5C2E5C31E38FDEA00DFFB39 /* Login */ = {
			isa = PBXGroup;
			children = (
				C5C2E5C71E38FE2200DFFB39 /* IWLoginViewController.h */,
				C5C2E5C81E38FE2200DFFB39 /* IWLoginViewController.m */,
			);
			path = Login;
			sourceTree = "<group>";
		};
		C5C2E5CA1E39021F00DFFB39 /* Detail */ = {
			isa = PBXGroup;
			children = (
				C5B90F721E391783000842CB /* IWDetailViewController.h */,
				C5B90F731E391783000842CB /* IWDetailViewController.m */,
			);
			path = Detail;
			sourceTree = "<group>";
		};
		C5C2E5CB1E39021F00DFFB39 /* Main */ = {
			isa = PBXGroup;
			children = (
				C5C2E5CF1E39036400DFFB39 /* Cell */,
				C5C2E5CC1E39022B00DFFB39 /* IWMainViewController.h */,
				C5C2E5CD1E39022B00DFFB39 /* IWMainViewController.m */,
			);
			path = Main;
			sourceTree = "<group>";
		};
		C5C2E5CF1E39036400DFFB39 /* Cell */ = {
			isa = PBXGroup;
			children = (
				C5C2E5D01E39037500DFFB39 /* IWMainTableViewCell.h */,
				C5C2E5D11E39037500DFFB39 /* IWMainTableViewCell.m */,
			);
			path = Cell;
			sourceTree = "<group>";
		};
		C5C2E5D31E3903BB00DFFB39 /* Model */ = {
			isa = PBXGroup;
			children = (
				C5C2E5D41E3903FB00DFFB39 /* IWPropertyModel.h */,
				C5C2E5D51E3903FB00DFFB39 /* IWPropertyModel.m */,
			);
			path = Model;
			sourceTree = "<group>";
		};
		C5C2E5D71E39086000DFFB39 /* Server */ = {
			isa = PBXGroup;
			children = (
				C5C2E5D81E39086E00DFFB39 /* IWBaseRequest.h */,
				C5C2E5D91E39086E00DFFB39 /* IWBaseRequest.m */,
			);
			path = Server;
			sourceTree = "<group>";
		};
/* End PBXGroup section */

/* Begin PBXNativeTarget section */
		C5C2E5881E38F8C200DFFB39 /* SampleCode */ = {
			isa = PBXNativeTarget;
			buildConfigurationList = C5C2E5B61E38F8C200DFFB39 /* Build configuration list for PBXNativeTarget "SampleCode" */;
			buildPhases = (
				65D05D0F00813CB01F01D66B /* 📦 Check Pods Manifest.lock */,
				C5C2E5851E38F8C200DFFB39 /* Sources */,
				C5C2E5861E38F8C200DFFB39 /* Frameworks */,
				C5C2E5871E38F8C200DFFB39 /* Resources */,
				C751420F0C68247732E1BEE7 /* 📦 Embed Pods Frameworks */,
				002D374EAF749E32F24DEAA5 /* 📦 Copy Pods Resources */,
			);
			buildRules = (
			);
			dependencies = (
			);
			name = SampleCode;
			productName = SampleCode;
			productReference = C5C2E5891E38F8C200DFFB39 /* SampleCode.app */;
			productType = "com.apple.product-type.application";
		};
		C5C2E5A11E38F8C200DFFB39 /* SampleCodeTests */ = {
			isa = PBXNativeTarget;
			buildConfigurationList = C5C2E5B91E38F8C200DFFB39 /* Build configuration list for PBXNativeTarget "SampleCodeTests" */;
			buildPhases = (
				C5C2E59E1E38F8C200DFFB39 /* Sources */,
				C5C2E59F1E38F8C200DFFB39 /* Frameworks */,
				C5C2E5A01E38F8C200DFFB39 /* Resources */,
			);
			buildRules = (
			);
			dependencies = (
				C5C2E5A41E38F8C200DFFB39 /* PBXTargetDependency */,
			);
			name = SampleCodeTests;
			productName = SampleCodeTests;
			productReference = C5C2E5A21E38F8C200DFFB39 /* SampleCodeTests.xctest */;
			productType = "com.apple.product-type.bundle.unit-test";
		};
		C5C2E5AC1E38F8C200DFFB39 /* SampleCodeUITests */ = {
			isa = PBXNativeTarget;
			buildConfigurationList = C5C2E5BC1E38F8C200DFFB39 /* Build configuration list for PBXNativeTarget "SampleCodeUITests" */;
			buildPhases = (
				C5C2E5A91E38F8C200DFFB39 /* Sources */,
				C5C2E5AA1E38F8C200DFFB39 /* Frameworks */,
				C5C2E5AB1E38F8C200DFFB39 /* Resources */,
			);
			buildRules = (
			);
			dependencies = (
				C5C2E5AF1E38F8C200DFFB39 /* PBXTargetDependency */,
			);
			name = SampleCodeUITests;
			productName = SampleCodeUITests;
			productReference = C5C2E5AD1E38F8C200DFFB39 /* SampleCodeUITests.xctest */;
			productType = "com.apple.product-type.bundle.ui-testing";
		};
/* End PBXNativeTarget section */

/* Begin PBXProject section */
		C5C2E5811E38F8C200DFFB39 /* Project object */ = {
			isa = PBXProject;
			attributes = {
				CLASSPREFIX = IW;
				LastUpgradeCheck = 0800;
				ORGANIZATIONNAME = INNOW8;
				TargetAttributes = {
					C5C2E5881E38F8C200DFFB39 = {
						CreatedOnToolsVersion = 8.0;
						ProvisioningStyle = Automatic;
					};
					C5C2E5A11E38F8C200DFFB39 = {
						CreatedOnToolsVersion = 8.0;
						ProvisioningStyle = Automatic;
						TestTargetID = C5C2E5881E38F8C200DFFB39;
					};
					C5C2E5AC1E38F8C200DFFB39 = {
						CreatedOnToolsVersion = 8.0;
						ProvisioningStyle = Automatic;
						TestTargetID = C5C2E5881E38F8C200DFFB39;
					};
				};
			};
			buildConfigurationList = C5C2E5841E38F8C200DFFB39 /* Build configuration list for PBXProject "SampleCode" */;
			compatibilityVersion = "Xcode 3.2";
			developmentRegion = English;
			hasScannedForEncodings = 0;
			knownRegions = (
				en,
				Base,
			);
			mainGroup = C5C2E5801E38F8C200DFFB39;
			productRefGroup = C5C2E58A1E38F8C200DFFB39 /* Products */;
			projectDirPath = "";
			projectRoot = "";
			targets = (
				C5C2E5881E38F8C200DFFB39 /* SampleCode */,
				C5C2E5A11E38F8C200DFFB39 /* SampleCodeTests */,
				C5C2E5AC1E38F8C200DFFB39 /* SampleCodeUITests */,
			);
		};
/* End PBXProject section */

/* Begin PBXResourcesBuildPhase section */
		C5C2E5871E38F8C200DFFB39 /* Resources */ = {
			isa = PBXResourcesBuildPhase;
			buildActionMask = 2147483647;
			files = (
				C5C2E59C1E38F8C200DFFB39 /* LaunchScreen.storyboard in Resources */,
				C5C2E5991E38F8C200DFFB39 /* Assets.xcassets in Resources */,
				C5C2E5971E38F8C200DFFB39 /* Main.storyboard in Resources */,
			);
			runOnlyForDeploymentPostprocessing = 0;
		};
		C5C2E5A01E38F8C200DFFB39 /* Resources */ = {
			isa = PBXResourcesBuildPhase;
			buildActionMask = 2147483647;
			files = (
			);
			runOnlyForDeploymentPostprocessing = 0;
		};
		C5C2E5AB1E38F8C200DFFB39 /* Resources */ = {
			isa = PBXResourcesBuildPhase;
			buildActionMask = 2147483647;
			files = (
			);
			runOnlyForDeploymentPostprocessing = 0;
		};
/* End PBXResourcesBuildPhase section */

/* Begin PBXShellScriptBuildPhase section */
		002D374EAF749E32F24DEAA5 /* 📦 Copy Pods Resources */ = {
			isa = PBXShellScriptBuildPhase;
			buildActionMask = 2147483647;
			files = (
			);
			inputPaths = (
			);
			name = "📦 Copy Pods Resources";
			outputPaths = (
			);
			runOnlyForDeploymentPostprocessing = 0;
			shellPath = /bin/sh;
			shellScript = "\"${SRCROOT}/Pods/Target Support Files/Pods-SampleCode/Pods-SampleCode-resources.sh\"\n";
			showEnvVarsInLog = 0;
		};
		65D05D0F00813CB01F01D66B /* 📦 Check Pods Manifest.lock */ = {
			isa = PBXShellScriptBuildPhase;
			buildActionMask = 2147483647;
			files = (
			);
			inputPaths = (
			);
			name = "📦 Check Pods Manifest.lock";
			outputPaths = (
			);
			runOnlyForDeploymentPostprocessing = 0;
			shellPath = /bin/sh;
			shellScript = "diff \"${PODS_ROOT}/../Podfile.lock\" \"${PODS_ROOT}/Manifest.lock\" > /dev/null\nif [[ $? != 0 ]] ; then\n    cat << EOM\nerror: The sandbox is not in sync with the Podfile.lock. Run 'pod install' or update your CocoaPods installation.\nEOM\n    exit 1\nfi\n";
			showEnvVarsInLog = 0;
		};
		C751420F0C68247732E1BEE7 /* 📦 Embed Pods Frameworks */ = {
			isa = PBXShellScriptBuildPhase;
			buildActionMask = 2147483647;
			files = (
			);
			inputPaths = (
			);
			name = "📦 Embed Pods Frameworks";
			outputPaths = (
			);
			runOnlyForDeploymentPostprocessing = 0;
			shellPath = /bin/sh;
			shellScript = "\"${SRCROOT}/Pods/Target Support Files/Pods-SampleCode/Pods-SampleCode-frameworks.sh\"\n";
			showEnvVarsInLog = 0;
		};
/* End PBXShellScriptBuildPhase section */

/* Begin PBXSourcesBuildPhase section */
		C5C2E5851E38F8C200DFFB39 /* Sources */ = {
			isa = PBXSourcesBuildPhase;
			buildActionMask = 2147483647;
			files = (
				C5C2E5941E38F8C200DFFB39 /* ViewController.m in Sources */,
				C5C2E5D21E39037500DFFB39 /* IWMainTableViewCell.m in Sources */,
				C5C2E5D61E3903FB00DFFB39 /* IWPropertyModel.m in Sources */,
				C5C2E5CE1E39022B00DFFB39 /* IWMainViewController.m in Sources */,
				C5C2E5DA1E39086E00DFFB39 /* IWBaseRequest.m in Sources */,
				C5C2E5911E38F8C200DFFB39 /* AppDelegate.m in Sources */,
				C5C2E58E1E38F8C200DFFB39 /* main.m in Sources */,
				C5B90F741E391783000842CB /* IWDetailViewController.m in Sources */,
				C5C2E5C61E38FE0C00DFFB39 /* IWBaseViewController.m in Sources */,
				C5C2E5C91E38FE2200DFFB39 /* IWLoginViewController.m in Sources */,
			);
			runOnlyForDeploymentPostprocessing = 0;
		};
		C5C2E59E1E38F8C200DFFB39 /* Sources */ = {
			isa = PBXSourcesBuildPhase;
			buildActionMask = 2147483647;
			files = (
				C5C2E5A71E38F8C200DFFB39 /* SampleCodeTests.m in Sources */,
			);
			runOnlyForDeploymentPostprocessing = 0;
		};
		C5C2E5A91E38F8C200DFFB39 /* Sources */ = {
			isa = PBXSourcesBuildPhase;
			buildActionMask = 2147483647;
			files = (
				C5C2E5B21E38F8C200DFFB39 /* SampleCodeUITests.m in Sources */,
			);
			runOnlyForDeploymentPostprocessing = 0;
		};
/* End PBXSourcesBuildPhase section */

/* Begin PBXTargetDependency section */
		C5C2E5A41E38F8C200DFFB39 /* PBXTargetDependency */ = {
			isa = PBXTargetDependency;
			target = C5C2E5881E38F8C200DFFB39 /* SampleCode */;
			targetProxy = C5C2E5A31E38F8C200DFFB39 /* PBXContainerItemProxy */;
		};
		C5C2E5AF1E38F8C200DFFB39 /* PBXTargetDependency */ = {
			isa = PBXTargetDependency;
			target = C5C2E5881E38F8C200DFFB39 /* SampleCode */;
			targetProxy = C5C2E5AE1E38F8C200DFFB39 /* PBXContainerItemProxy */;
		};
/* End PBXTargetDependency section */

/* Begin PBXVariantGroup section */
		C5C2E5951E38F8C200DFFB39 /* Main.storyboard */ = {
			isa = PBXVariantGroup;
			children = (
				C5C2E5961E38F8C200DFFB39 /* Base */,
			);
			name = Main.storyboard;
			sourceTree = "<group>";
		};
		C5C2E59A1E38F8C200DFFB39 /* LaunchScreen.storyboard */ = {
			isa = PBXVariantGroup;
			children = (
				C5C2E59B1E38F8C200DFFB39 /* Base */,
			);
			name = LaunchScreen.storyboard;
			sourceTree = "<group>";
		};
/* End PBXVariantGroup section */

/* Begin XCBuildConfiguration section */
		C5C2E5B41E38F8C200DFFB39 /* Debug */ = {
			isa = XCBuildConfiguration;
			buildSettings = {
				ALWAYS_SEARCH_USER_PATHS = NO;
				CLANG_ANALYZER_NONNULL = YES;
				CLANG_CXX_LANGUAGE_STANDARD = "gnu++0x";
				CLANG_CXX_LIBRARY = "libc++";
				CLANG_ENABLE_MODULES = YES;
				CLANG_ENABLE_OBJC_ARC = YES;
				CLANG_WARN_BOOL_CONVERSION = YES;
				CLANG_WARN_CONSTANT_CONVERSION = YES;
				CLANG_WARN_DIRECT_OBJC_ISA_USAGE = YES_ERROR;
				CLANG_WARN_DOCUMENTATION_COMMENTS = YES;
				CLANG_WARN_EMPTY_BODY = YES;
				CLANG_WARN_ENUM_CONVERSION = YES;
				CLANG_WARN_INFINITE_RECURSION = YES;
				CLANG_WARN_INT_CONVERSION = YES;
				CLANG_WARN_OBJC_ROOT_CLASS = YES_ERROR;
				CLANG_WARN_SUSPICIOUS_MOVES = YES;
				CLANG_WARN_UNREACHABLE_CODE = YES;
				CLANG_WARN__DUPLICATE_METHOD_MATCH = YES;
				"CODE_SIGN_IDENTITY[sdk=iphoneos*]" = "iPhone Developer";
				COPY_PHASE_STRIP = NO;
				DEBUG_INFORMATION_FORMAT = dwarf;
				ENABLE_STRICT_OBJC_MSGSEND = YES;
				ENABLE_TESTABILITY = YES;
				GCC_C_LANGUAGE_STANDARD = gnu99;
				GCC_DYNAMIC_NO_PIC = NO;
				GCC_NO_COMMON_BLOCKS = YES;
				GCC_OPTIMIZATION_LEVEL = 0;
				GCC_PREPROCESSOR_DEFINITIONS = (
					"DEBUG=1",
					"$(inherited)",
				);
				GCC_WARN_64_TO_32_BIT_CONVERSION = YES;
				GCC_WARN_ABOUT_RETURN_TYPE = YES_ERROR;
				GCC_WARN_UNDECLARED_SELECTOR = YES;
				GCC_WARN_UNINITIALIZED_AUTOS = YES_AGGRESSIVE;
				GCC_WARN_UNUSED_FUNCTION = YES;
				GCC_WARN_UNUSED_VARIABLE = YES;
				IPHONEOS_DEPLOYMENT_TARGET = 10.0;
				MTL_ENABLE_DEBUG_INFO = YES;
				ONLY_ACTIVE_ARCH = YES;
				SDKROOT = iphoneos;
				TARGETED_DEVICE_FAMILY = "1,2";
			};
			name = Debug;
		};
		C5C2E5B51E38F8C200DFFB39 /* Release */ = {
			isa = XCBuildConfiguration;
			buildSettings = {
				ALWAYS_SEARCH_USER_PATHS = NO;
				CLANG_ANALYZER_NONNULL = YES;
				CLANG_CXX_LANGUAGE_STANDARD = "gnu++0x";
				CLANG_CXX_LIBRARY = "libc++";
				CLANG_ENABLE_MODULES = YES;
				CLANG_ENABLE_OBJC_ARC = YES;
				CLANG_WARN_BOOL_CONVERSION = YES;
				CLANG_WARN_CONSTANT_CONVERSION = YES;
				CLANG_WARN_DIRECT_OBJC_ISA_USAGE = YES_ERROR;
				CLANG_WARN_DOCUMENTATION_COMMENTS = YES;
				CLANG_WARN_EMPTY_BODY = YES;
				CLANG_WARN_ENUM_CONVERSION = YES;
				CLANG_WARN_INFINITE_RECURSION = YES;
				CLANG_WARN_INT_CONVERSION = YES;
				CLANG_WARN_OBJC_ROOT_CLASS = YES_ERROR;
				CLANG_WARN_SUSPICIOUS_MOVES = YES;
				CLANG_WARN_UNREACHABLE_CODE = YES;
				CLANG_WARN__DUPLICATE_METHOD_MATCH = YES;
				"CODE_SIGN_IDENTITY[sdk=iphoneos*]" = "iPhone Developer";
				COPY_PHASE_STRIP = NO;
				DEBUG_INFORMATION_FORMAT = "dwarf-with-dsym";
				ENABLE_NS_ASSERTIONS = NO;
				ENABLE_STRICT_OBJC_MSGSEND = YES;
				GCC_C_LANGUAGE_STANDARD = gnu99;
				GCC_NO_COMMON_BLOCKS = YES;
				GCC_WARN_64_TO_32_BIT_CONVERSION = YES;
				GCC_WARN_ABOUT_RETURN_TYPE = YES_ERROR;
				GCC_WARN_UNDECLARED_SELECTOR = YES;
				GCC_WARN_UNINITIALIZED_AUTOS = YES_AGGRESSIVE;
				GCC_WARN_UNUSED_FUNCTION = YES;
				GCC_WARN_UNUSED_VARIABLE = YES;
				IPHONEOS_DEPLOYMENT_TARGET = 10.0;
				MTL_ENABLE_DEBUG_INFO = NO;
				SDKROOT = iphoneos;
				TARGETED_DEVICE_FAMILY = "1,2";
				VALIDATE_PRODUCT = YES;
			};
			name = Release;
		};
		C5C2E5B71E38F8C200DFFB39 /* Debug */ = {
			isa = XCBuildConfiguration;
			baseConfigurationReference = E19B3F936C06529485794B86 /* Pods-SampleCode.debug.xcconfig */;
			buildSettings = {
				ASSETCATALOG_COMPILER_APPICON_NAME = AppIcon;
				INFOPLIST_FILE = SampleCode/Info.plist;
				LD_RUNPATH_SEARCH_PATHS = "$(inherited) @executable_path/Frameworks";
				PRODUCT_BUNDLE_IDENTIFIER = com.kb.SampleCode;
				PRODUCT_NAME = "$(TARGET_NAME)";
			};
			name = Debug;
		};
		C5C2E5B81E38F8C200DFFB39 /* Release */ = {
			isa = XCBuildConfiguration;
			baseConfigurationReference = 1A771A76B8C4A97FFE9D8970 /* Pods-SampleCode.release.xcconfig */;
			buildSettings = {
				ASSETCATALOG_COMPILER_APPICON_NAME = AppIcon;
				INFOPLIST_FILE = SampleCode/Info.plist;
				LD_RUNPATH_SEARCH_PATHS = "$(inherited) @executable_path/Frameworks";
				PRODUCT_BUNDLE_IDENTIFIER = com.kb.SampleCode;
				PRODUCT_NAME = "$(TARGET_NAME)";
			};
			name = Release;
		};
		C5C2E5BA1E38F8C200DFFB39 /* Debug */ = {
			isa = XCBuildConfiguration;
			buildSettings = {
				BUNDLE_LOADER = "$(TEST_HOST)";
				INFOPLIST_FILE = SampleCodeTests/Info.plist;
				LD_RUNPATH_SEARCH_PATHS = "$(inherited) @executable_path/Frameworks @loader_path/Frameworks";
				PRODUCT_BUNDLE_IDENTIFIER = com.kb.SampleCodeTests;
				PRODUCT_NAME = "$(TARGET_NAME)";
				TEST_HOST = "$(BUILT_PRODUCTS_DIR)/SampleCode.app/SampleCode";
			};
			name = Debug;
		};
		C5C2E5BB1E38F8C200DFFB39 /* Release */ = {
			isa = XCBuildConfiguration;
			buildSettings = {
				BUNDLE_LOADER = "$(TEST_HOST)";
				INFOPLIST_FILE = SampleCodeTests/Info.plist;
				LD_RUNPATH_SEARCH_PATHS = "$(inherited) @executable_path/Frameworks @loader_path/Frameworks";
				PRODUCT_BUNDLE_IDENTIFIER = com.kb.SampleCodeTests;
				PRODUCT_NAME = "$(TARGET_NAME)";
				TEST_HOST = "$(BUILT_PRODUCTS_DIR)/SampleCode.app/SampleCode";
			};
			name = Release;
		};
		C5C2E5BD1E38F8C200DFFB39 /* Debug */ = {
			isa = XCBuildConfiguration;
			buildSettings = {
				INFOPLIST_FILE = SampleCodeUITests/Info.plist;
				LD_RUNPATH_SEARCH_PATHS = "$(inherited) @executable_path/Frameworks @loader_path/Frameworks";
				PRODUCT_BUNDLE_IDENTIFIER = com.kb.SampleCodeUITests;
				PRODUCT_NAME = "$(TARGET_NAME)";
				TEST_TARGET_NAME = SampleCode;
			};
			name = Debug;
		};
		C5C2E5BE1E38F8C200DFFB39 /* Release */ = {
			isa = XCBuildConfiguration;
			buildSettings = {
				INFOPLIST_FILE = SampleCodeUITests/Info.plist;
				LD_RUNPATH_SEARCH_PATHS = "$(inherited) @executable_path/Frameworks @loader_path/Frameworks";
				PRODUCT_BUNDLE_IDENTIFIER = com.kb.SampleCodeUITests;
				PRODUCT_NAME = "$(TARGET_NAME)";
				TEST_TARGET_NAME = SampleCode;
			};
			name = Release;
		};
/* End XCBuildConfiguration section */

/* Begin XCConfigurationList section */
		C5C2E5841E38F8C200DFFB39 /* Build configuration list for PBXProject "SampleCode" */ = {
			isa = XCConfigurationList;
			buildConfigurations = (
				C5C2E5B41E38F8C200DFFB39 /* Debug */,
				C5C2E5B51E38F8C200DFFB39 /* Release */,
			);
			defaultConfigurationIsVisible = 0;
			defaultConfigurationName = Release;
		};
		C5C2E5B61E38F8C200DFFB39 /* Build configuration list for PBXNativeTarget "SampleCode" */ = {
			isa = XCConfigurationList;
			buildConfigurations = (
				C5C2E5B71E38F8C200DFFB39 /* Debug */,
				C5C2E5B81E38F8C200DFFB39 /* Release */,
			);
			defaultConfigurationIsVisible = 0;
			defaultConfigurationName = Release;
		};
		C5C2E5B91E38F8C200DFFB39 /* Build configuration list for PBXNativeTarget "SampleCodeTests" */ = {
			isa = XCConfigurationList;
			buildConfigurations = (
				C5C2E5BA1E38F8C200DFFB39 /* Debug */,
				C5C2E5BB1E38F8C200DFFB39 /* Release */,
			);
			defaultConfigurationIsVisible = 0;
			defaultConfigurationName = Release;
		};
		C5C2E5BC1E38F8C200DFFB39 /* Build configuration list for PBXNativeTarget "SampleCodeUITests" */ = {
			isa = XCConfigurationList;
			buildConfigurations = (
				C5C2E5BD1E38F8C200DFFB39 /* Debug */,
				C5C2E5BE1E38F8C200DFFB39 /* Release */,
			);
			defaultConfigurationIsVisible = 0;
			defaultConfigurationName = Release;
		};
/* End XCConfigurationList section */
	};
	rootObject = C5C2E5811E38F8C200DFFB39 /* Project object */;
}
